
Microsoft Visual Studio Solution File, Format Version 12.00
# Visual Studio 15
VisualStudioVersion = 15.0.28307.539
MinimumVisualStudioVersion = 10.0.40219.1
Project("{FAE04EC0-301F-11D3-BF4B-00C04F79EFBC}") = "FingerPrintRemover", "FingerPrintRemover\FingerPrintRemover.csproj", "{09836D3F-680D-4CE1-ADC2-C798B585795C}"
EndProject
Global
	GlobalSection(SolutionConfigurationPlatforms) = preSolution
		Debug|Any CPU = Debug|Any CPU
		Release|Any CPU = Release|Any CPU
	EndGlobalSection
	GlobalSection(ProjectConfigurationPlatforms) = postSolution
		{09836D3F-680D-4CE1-ADC2-C798B585795C}.Debug|Any CPU.ActiveCfg = Debug|Any CPU
		{09836D3F-680D-4CE1-ADC2-C798B585795C}.Debug|Any CPU.Build.0 = Debug|Any CPU
		{09836D3F-680D-4CE1-ADC2-C798B585795C}.Release|Any CPU.ActiveCfg = Release|Any CPU
		{09836D3F-680D-4CE1-ADC2-C798B585795C}.Release|Any CPU.Build.0 = Release|Any CPU
	EndGlobalSection
	GlobalSection(SolutionProperties) = preSolution
		HideSolutionNode = FALSE
	EndGlobalSection
	GlobalSection(ExtensibilityGlobals) = postSolution
		SolutionGuid = {EE9B222F-B784-47DA-8DA6-188F7B062605}
	EndGlobalSection
EndGlobal
